
Microsoft Visual Studio Solution File, Format Version 12.00
# Visual Studio 15
VisualStudioVersion = 15.0.27428.2015
MinimumVisualStudioVersion = 10.0.40219.1
Project("{FAE04EC0-301F-11D3-BF4B-00C04F79EFBC}") = "BookManager", "BookManager\BookManager.csproj", "{BDB2D160-FD03-41E9-A1BE-6B63C7836AF6}"
EndProject
Global
	GlobalSection(SolutionConfigurationPlatforms) = preSolution
		Debug|Any CPU = Debug|Any CPU
		Release|Any CPU = Release|Any CPU
	EndGlobalSection
	GlobalSection(ProjectConfigurationPlatforms) = postSolution
		{BDB2D160-FD03-41E9-A1BE-6B63C7836AF6}.Debug|Any CPU.ActiveCfg = Debug|Any CPU
		{BDB2D160-FD03-41E9-A1BE-6B63C7836AF6}.Debug|Any CPU.Build.0 = Debug|Any CPU
		{BDB2D160-FD03-41E9-A1BE-6B63C7836AF6}.Release|Any CPU.ActiveCfg = Release|Any CPU
		{BDB2D160-FD03-41E9-A1BE-6B63C7836AF6}.Release|Any CPU.Build.0 = Release|Any CPU
	EndGlobalSection
	GlobalSection(SolutionProperties) = preSolution
		HideSolutionNode = FALSE
	EndGlobalSection
	GlobalSection(ExtensibilityGlobals) = postSolution
		SolutionGuid = {B78E72CB-C43E-41F3-A750-194E988152E1}
	EndGlobalSection
EndGlobal
